
Microsoft Visual Studio Solution File, Format Version 12.00
# Visual Studio 14
VisualStudioVersion = 14.0.25420.1
MinimumVisualStudioVersion = 10.0.40219.1
Project("{FAE04EC0-301F-11D3-BF4B-00C04F79EFBC}") = "CSLASample", "CSLASample\CSLASample.csproj", "{DD2C6715-2164-4FD1-B0A9-3A2AF2E47B08}"
EndProject
Project("{FAE04EC0-301F-11D3-BF4B-00C04F79EFBC}") = "DataAccess", "DataAccess\DataAccess.csproj", "{A7F95405-1E78-44C3-9099-3DB5FAD5E1D7}"
EndProject
Global
	GlobalSection(SolutionConfigurationPlatforms) = preSolution
		Debug|Any CPU = Debug|Any CPU
		Release|Any CPU = Release|Any CPU
	EndGlobalSection
	GlobalSection(ProjectConfigurationPlatforms) = postSolution
		{DD2C6715-2164-4FD1-B0A9-3A2AF2E47B08}.Debug|Any CPU.ActiveCfg = Debug|Any CPU
		{DD2C6715-2164-4FD1-B0A9-3A2AF2E47B08}.Debug|Any CPU.Build.0 = Debug|Any CPU
		{DD2C6715-2164-4FD1-B0A9-3A2AF2E47B08}.Release|Any CPU.ActiveCfg = Release|Any CPU
		{DD2C6715-2164-4FD1-B0A9-3A2AF2E47B08}.Release|Any CPU.Build.0 = Release|Any CPU
		{A7F95405-1E78-44C3-9099-3DB5FAD5E1D7}.Debug|Any CPU.ActiveCfg = Debug|Any CPU
		{A7F95405-1E78-44C3-9099-3DB5FAD5E1D7}.Debug|Any CPU.Build.0 = Debug|Any CPU
		{A7F95405-1E78-44C3-9099-3DB5FAD5E1D7}.Release|Any CPU.ActiveCfg = Release|Any CPU
		{A7F95405-1E78-44C3-9099-3DB5FAD5E1D7}.Release|Any CPU.Build.0 = Release|Any CPU
	EndGlobalSection
	GlobalSection(SolutionProperties) = preSolution
		HideSolutionNode = FALSE
	EndGlobalSection
EndGlobal
